
Microsoft Visual Studio Solution File, Format Version 12.00
# Visual Studio Version 17
VisualStudioVersion = 17.9.34607.119
MinimumVisualStudioVersion = 10.0.40219.1
Project("{FAE04EC0-301F-11D3-BF4B-00C04F79EFBC}") = "ObjectInference", "ObjectInference\ObjectInference.csproj", "{E41C10AD-3F91-4438-89C4-8981504B1602}"
EndProject
Global
	GlobalSection(SolutionConfigurationPlatforms) = preSolution
		Debug|Any CPU = Debug|Any CPU
		Release|Any CPU = Release|Any CPU
	EndGlobalSection
	GlobalSection(ProjectConfigurationPlatforms) = postSolution
		{E41C10AD-3F91-4438-89C4-8981504B1602}.Debug|Any CPU.ActiveCfg = Debug|Any CPU
		{E41C10AD-3F91-4438-89C4-8981504B1602}.Debug|Any CPU.Build.0 = Debug|Any CPU
		{E41C10AD-3F91-4438-89C4-8981504B1602}.Release|Any CPU.ActiveCfg = Release|Any CPU
		{E41C10AD-3F91-4438-89C4-8981504B1602}.Release|Any CPU.Build.0 = Release|Any CPU
	EndGlobalSection
	GlobalSection(SolutionProperties) = preSolution
		HideSolutionNode = FALSE
	EndGlobalSection
	GlobalSection(ExtensibilityGlobals) = postSolution
		SolutionGuid = {676029FC-9A1B-4234-A520-323F3A7887F7}
	EndGlobalSection
EndGlobal
